// !$*UTF8*$!
{
	archiveVersion = 1;
	classes = {
	};
	objectVersion = 46;
	objects = {

/* Begin PBXBuildFile section */
		2A58678D7376A284226A5EDD /* Pods_MukkaebieTests.framework in Frameworks */ = {isa = PBXBuildFile; fileRef = 88962D59A7166B547120BF0B /* Pods_MukkaebieTests.framework */; };
		2CFA42A664EFC0A08F1EFD26 /* Pods_MukkaebieUITests.framework in Frameworks */ = {isa = PBXBuildFile; fileRef = EC58A544ECB8332F9F7B2C7F /* Pods_MukkaebieUITests.framework */; };
		68C5E505583E92AEE4AEE364 /* Pods_Mukkaebie.framework in Frameworks */ = {isa = PBXBuildFile; fileRef = A03405F61363D7DF6540C308 /* Pods_Mukkaebie.framework */; };
		983248151F32FD2C00ABFBFB /* AppDelegate.swift in Sources */ = {isa = PBXBuildFile; fileRef = 983248141F32FD2C00ABFBFB /* AppDelegate.swift */; };
		983248171F32FD2C00ABFBFB /* MainViewController.swift in Sources */ = {isa = PBXBuildFile; fileRef = 983248161F32FD2C00ABFBFB /* MainViewController.swift */; };
		983248191F32FD2C00ABFBFB /* SecondViewController.swift in Sources */ = {isa = PBXBuildFile; fileRef = 983248181F32FD2C00ABFBFB /* SecondViewController.swift */; };
		9832481C1F32FD2C00ABFBFB /* Main.storyboard in Resources */ = {isa = PBXBuildFile; fileRef = 9832481A1F32FD2C00ABFBFB /* Main.storyboard */; };
		9832481E1F32FD2C00ABFBFB /* Assets.xcassets in Resources */ = {isa = PBXBuildFile; fileRef = 9832481D1F32FD2C00ABFBFB /* Assets.xcassets */; };
		983248211F32FD2C00ABFBFB /* LaunchScreen.storyboard in Resources */ = {isa = PBXBuildFile; fileRef = 9832481F1F32FD2C00ABFBFB /* LaunchScreen.storyboard */; };
		9832482C1F32FD2C00ABFBFB /* MukkaebieTests.swift in Sources */ = {isa = PBXBuildFile; fileRef = 9832482B1F32FD2C00ABFBFB /* MukkaebieTests.swift */; };
		983248371F32FD2C00ABFBFB /* MukkaebieUITests.swift in Sources */ = {isa = PBXBuildFile; fileRef = 983248361F32FD2C00ABFBFB /* MukkaebieUITests.swift */; };
		9844286E1F3D755A0003CDF1 /* ygNa.jpeg in Resources */ = {isa = PBXBuildFile; fileRef = 9844286D1F3D755A0003CDF1 /* ygNa.jpeg */; };
		984428701F3D76390003CDF1 /* hj.png in Resources */ = {isa = PBXBuildFile; fileRef = 9844286F1F3D76390003CDF1 /* hj.png */; };
		984428721F3D76660003CDF1 /* flash.png in Resources */ = {isa = PBXBuildFile; fileRef = 984428711F3D76660003CDF1 /* flash.png */; };
		984428741F41CE970003CDF1 /* circleView.swift in Sources */ = {isa = PBXBuildFile; fileRef = 984428731F41CE970003CDF1 /* circleView.swift */; };
		985D08EE1F3ACB7E00A1F475 /* StoreDetail.storyboard in Resources */ = {isa = PBXBuildFile; fileRef = 985D08ED1F3ACB7E00A1F475 /* StoreDetail.storyboard */; };
		985D08F01F3ACB8F00A1F475 /* StoreDetailViewController.swift in Sources */ = {isa = PBXBuildFile; fileRef = 985D08EF1F3ACB8F00A1F475 /* StoreDetailViewController.swift */; };
		985D08F21F3AD4E800A1F475 /* MenuViewController.swift in Sources */ = {isa = PBXBuildFile; fileRef = 985D08F11F3AD4E800A1F475 /* MenuViewController.swift */; };
		985D08F41F3AD51700A1F475 /* MenuView.storyboard in Resources */ = {isa = PBXBuildFile; fileRef = 985D08F31F3AD51700A1F475 /* MenuView.storyboard */; };
		985D08F61F3AD63000A1F475 /* PieChart.swift in Sources */ = {isa = PBXBuildFile; fileRef = 985D08F51F3AD63000A1F475 /* PieChart.swift */; };
		985D08F81F3ADAC100A1F475 /* BMHANNA_11yrs_otf.otf in Resources */ = {isa = PBXBuildFile; fileRef = 985D08F71F3ADAC100A1F475 /* BMHANNA_11yrs_otf.otf */; };
		985D08FA1F3AED8000A1F475 /* MenuViewModelItem.swift in Sources */ = {isa = PBXBuildFile; fileRef = 985D08F91F3AED8000A1F475 /* MenuViewModelItem.swift */; };
		985D08FC1F3AF93100A1F475 /* MenuTableViewCell.swift in Sources */ = {isa = PBXBuildFile; fileRef = 985D08FB1F3AF93100A1F475 /* MenuTableViewCell.swift */; };
		985D09001F3AFBDB00A1F475 /* MenuTableViewHeader.swift in Sources */ = {isa = PBXBuildFile; fileRef = 985D08FF1F3AFBDB00A1F475 /* MenuTableViewHeader.swift */; };
		985D09031F3D31DD00A1F475 /* ModelOrders.swift in Sources */ = {isa = PBXBuildFile; fileRef = 985D09021F3D31DD00A1F475 /* ModelOrders.swift */; };
		985D09051F3D37A600A1F475 /* NetworkUser.swift in Sources */ = {isa = PBXBuildFile; fileRef = 985D09041F3D37A600A1F475 /* NetworkUser.swift */; };
		985D09071F3D37B300A1F475 /* NetworkOrder.swift in Sources */ = {isa = PBXBuildFile; fileRef = 985D09061F3D37B300A1F475 /* NetworkOrder.swift */; };
		98B67CDD1F39C8D600243F31 /* bm_ad2.png in Resources */ = {isa = PBXBuildFile; fileRef = 98B67CDC1F39C8D600243F31 /* bm_ad2.png */; };
		98B67CDF1F39D0E700243F31 /* MainCollectionViewCell.swift in Sources */ = {isa = PBXBuildFile; fileRef = 98B67CDE1F39D0E700243F31 /* MainCollectionViewCell.swift */; };
		98B67CE11F39D7B100243F31 /* MainHeaderCollectionReusableView.swift in Sources */ = {isa = PBXBuildFile; fileRef = 98B67CE01F39D7B100243F31 /* MainHeaderCollectionReusableView.swift */; };
		98B67CE31F3A990A00243F31 /* StoreList.storyboard in Resources */ = {isa = PBXBuildFile; fileRef = 98B67CE21F3A990A00243F31 /* StoreList.storyboard */; };
		98B67CE51F3A991C00243F31 /* StoreListViewController.swift in Sources */ = {isa = PBXBuildFile; fileRef = 98B67CE41F3A991C00243F31 /* StoreListViewController.swift */; };
		98B67CE71F3A9C2A00243F31 /* Extension.swift in Sources */ = {isa = PBXBuildFile; fileRef = 98B67CE61F3A9C2A00243F31 /* Extension.swift */; };
		98B67CE91F3AA24800243F31 /* StoreListTableViewCell.swift in Sources */ = {isa = PBXBuildFile; fileRef = 98B67CE81F3AA24800243F31 /* StoreListTableViewCell.swift */; };
		98B67CF81F3AF09900243F31 /* StoreListMenuBar.swift in Sources */ = {isa = PBXBuildFile; fileRef = 98B67CF71F3AF09900243F31 /* StoreListMenuBar.swift */; };
		98B67CFA1F3B056500243F31 /* StoreListMenuBarCollectionViewCell.swift in Sources */ = {isa = PBXBuildFile; fileRef = 98B67CF91F3B056500243F31 /* StoreListMenuBarCollectionViewCell.swift */; };
		98B67CFC1F3BDAFA00243F31 /* MukkaebieRankViewController.swift in Sources */ = {isa = PBXBuildFile; fileRef = 98B67CFB1F3BDAFA00243F31 /* MukkaebieRankViewController.swift */; };
		98B67CFE1F3BDB3D00243F31 /* MukkaebieRank.storyboard in Resources */ = {isa = PBXBuildFile; fileRef = 98B67CFD1F3BDB3D00243F31 /* MukkaebieRank.storyboard */; };
		98B67D001F3C7BA100243F31 /* ModelUsers.swift in Sources */ = {isa = PBXBuildFile; fileRef = 98B67CFF1F3C7BA100243F31 /* ModelUsers.swift */; };
		98B67D031F3C7EDC00243F31 /* NetworkStore.swift in Sources */ = {isa = PBXBuildFile; fileRef = 98B67D021F3C7EDC00243F31 /* NetworkStore.swift */; };
		98B67D061F3C7F2000243F31 /* ModelStores.swift in Sources */ = {isa = PBXBuildFile; fileRef = 98B67D051F3C7F2000243F31 /* ModelStores.swift */; };
		98B67D081F3C845A00243F31 /* URLpath.swift in Sources */ = {isa = PBXBuildFile; fileRef = 98B67D071F3C845A00243F31 /* URLpath.swift */; };
/* End PBXBuildFile section */

/* Begin PBXContainerItemProxy section */
		983248281F32FD2C00ABFBFB /* PBXContainerItemProxy */ = {
			isa = PBXContainerItemProxy;
			containerPortal = 983248091F32FD2C00ABFBFB /* Project object */;
			proxyType = 1;
			remoteGlobalIDString = 983248101F32FD2C00ABFBFB;
			remoteInfo = Mukkaebie;
		};
		983248331F32FD2C00ABFBFB /* PBXContainerItemProxy */ = {
			isa = PBXContainerItemProxy;
			containerPortal = 983248091F32FD2C00ABFBFB /* Project object */;
			proxyType = 1;
			remoteGlobalIDString = 983248101F32FD2C00ABFBFB;
			remoteInfo = Mukkaebie;
		};
/* End PBXContainerItemProxy section */

/* Begin PBXFileReference section */
		42C7A5D0CB132F27A8A400BF /* Pods-MukkaebieUITests.release.xcconfig */ = {isa = PBXFileReference; includeInIndex = 1; lastKnownFileType = text.xcconfig; name = "Pods-MukkaebieUITests.release.xcconfig"; path = "Pods/Target Support Files/Pods-MukkaebieUITests/Pods-MukkaebieUITests.release.xcconfig"; sourceTree = "<group>"; };
		46CBFB74A6529988FD9EAE0D /* Pods-MukkaebieTests.debug.xcconfig */ = {isa = PBXFileReference; includeInIndex = 1; lastKnownFileType = text.xcconfig; name = "Pods-MukkaebieTests.debug.xcconfig"; path = "Pods/Target Support Files/Pods-MukkaebieTests/Pods-MukkaebieTests.debug.xcconfig"; sourceTree = "<group>"; };
		481072685893B70826DCA514 /* Pods-MukkaebieUITests.debug.xcconfig */ = {isa = PBXFileReference; includeInIndex = 1; lastKnownFileType = text.xcconfig; name = "Pods-MukkaebieUITests.debug.xcconfig"; path = "Pods/Target Support Files/Pods-MukkaebieUITests/Pods-MukkaebieUITests.debug.xcconfig"; sourceTree = "<group>"; };
		7ADF07EE5C4A531297CBBB77 /* Pods-Mukkaebie.release.xcconfig */ = {isa = PBXFileReference; includeInIndex = 1; lastKnownFileType = text.xcconfig; name = "Pods-Mukkaebie.release.xcconfig"; path = "Pods/Target Support Files/Pods-Mukkaebie/Pods-Mukkaebie.release.xcconfig"; sourceTree = "<group>"; };
		88962D59A7166B547120BF0B /* Pods_MukkaebieTests.framework */ = {isa = PBXFileReference; explicitFileType = wrapper.framework; includeInIndex = 0; path = Pods_MukkaebieTests.framework; sourceTree = BUILT_PRODUCTS_DIR; };
		983248111F32FD2C00ABFBFB /* Mukkaebie.app */ = {isa = PBXFileReference; explicitFileType = wrapper.application; includeInIndex = 0; path = Mukkaebie.app; sourceTree = BUILT_PRODUCTS_DIR; };
		983248141F32FD2C00ABFBFB /* AppDelegate.swift */ = {isa = PBXFileReference; lastKnownFileType = sourcecode.swift; path = AppDelegate.swift; sourceTree = "<group>"; };
		983248161F32FD2C00ABFBFB /* MainViewController.swift */ = {isa = PBXFileReference; lastKnownFileType = sourcecode.swift; path = MainViewController.swift; sourceTree = "<group>"; };
		983248181F32FD2C00ABFBFB /* SecondViewController.swift */ = {isa = PBXFileReference; lastKnownFileType = sourcecode.swift; path = SecondViewController.swift; sourceTree = "<group>"; };
		9832481B1F32FD2C00ABFBFB /* Base */ = {isa = PBXFileReference; lastKnownFileType = file.storyboard; name = Base; path = Base.lproj/Main.storyboard; sourceTree = "<group>"; };
		9832481D1F32FD2C00ABFBFB /* Assets.xcassets */ = {isa = PBXFileReference; lastKnownFileType = folder.assetcatalog; path = Assets.xcassets; sourceTree = "<group>"; };
		983248201F32FD2C00ABFBFB /* Base */ = {isa = PBXFileReference; lastKnownFileType = file.storyboard; name = Base; path = Base.lproj/LaunchScreen.storyboard; sourceTree = "<group>"; };
		983248221F32FD2C00ABFBFB /* Info.plist */ = {isa = PBXFileReference; lastKnownFileType = text.plist.xml; path = Info.plist; sourceTree = "<group>"; };
		983248271F32FD2C00ABFBFB /* MukkaebieTests.xctest */ = {isa = PBXFileReference; explicitFileType = wrapper.cfbundle; includeInIndex = 0; path = MukkaebieTests.xctest; sourceTree = BUILT_PRODUCTS_DIR; };
		9832482B1F32FD2C00ABFBFB /* MukkaebieTests.swift */ = {isa = PBXFileReference; lastKnownFileType = sourcecode.swift; path = MukkaebieTests.swift; sourceTree = "<group>"; };
		9832482D1F32FD2C00ABFBFB /* Info.plist */ = {isa = PBXFileReference; lastKnownFileType = text.plist.xml; path = Info.plist; sourceTree = "<group>"; };
		983248321F32FD2C00ABFBFB /* MukkaebieUITests.xctest */ = {isa = PBXFileReference; explicitFileType = wrapper.cfbundle; includeInIndex = 0; path = MukkaebieUITests.xctest; sourceTree = BUILT_PRODUCTS_DIR; };
		983248361F32FD2C00ABFBFB /* MukkaebieUITests.swift */ = {isa = PBXFileReference; lastKnownFileType = sourcecode.swift; path = MukkaebieUITests.swift; sourceTree = "<group>"; };
		983248381F32FD2C00ABFBFB /* Info.plist */ = {isa = PBXFileReference; lastKnownFileType = text.plist.xml; path = Info.plist; sourceTree = "<group>"; };
		9844286D1F3D755A0003CDF1 /* ygNa.jpeg */ = {isa = PBXFileReference; lastKnownFileType = image.jpeg; path = ygNa.jpeg; sourceTree = "<group>"; };
		9844286F1F3D76390003CDF1 /* hj.png */ = {isa = PBXFileReference; lastKnownFileType = image.png; path = hj.png; sourceTree = "<group>"; };
		984428711F3D76660003CDF1 /* flash.png */ = {isa = PBXFileReference; lastKnownFileType = image.png; path = flash.png; sourceTree = "<group>"; };
		984428731F41CE970003CDF1 /* circleView.swift */ = {isa = PBXFileReference; fileEncoding = 4; lastKnownFileType = sourcecode.swift; path = circleView.swift; sourceTree = "<group>"; };
		985D08ED1F3ACB7E00A1F475 /* StoreDetail.storyboard */ = {isa = PBXFileReference; fileEncoding = 4; lastKnownFileType = file.storyboard; path = StoreDetail.storyboard; sourceTree = "<group>"; };
		985D08EF1F3ACB8F00A1F475 /* StoreDetailViewController.swift */ = {isa = PBXFileReference; fileEncoding = 4; lastKnownFileType = sourcecode.swift; path = StoreDetailViewController.swift; sourceTree = "<group>"; };
		985D08F11F3AD4E800A1F475 /* MenuViewController.swift */ = {isa = PBXFileReference; fileEncoding = 4; lastKnownFileType = sourcecode.swift; path = MenuViewController.swift; sourceTree = "<group>"; };
		985D08F31F3AD51700A1F475 /* MenuView.storyboard */ = {isa = PBXFileReference; fileEncoding = 4; lastKnownFileType = file.storyboard; path = MenuView.storyboard; sourceTree = "<group>"; };
		985D08F51F3AD63000A1F475 /* PieChart.swift */ = {isa = PBXFileReference; fileEncoding = 4; lastKnownFileType = sourcecode.swift; path = PieChart.swift; sourceTree = "<group>"; };
		985D08F71F3ADAC100A1F475 /* BMHANNA_11yrs_otf.otf */ = {isa = PBXFileReference; lastKnownFileType = file; path = BMHANNA_11yrs_otf.otf; sourceTree = "<group>"; };
		985D08F91F3AED8000A1F475 /* MenuViewModelItem.swift */ = {isa = PBXFileReference; fileEncoding = 4; lastKnownFileType = sourcecode.swift; path = MenuViewModelItem.swift; sourceTree = "<group>"; };
		985D08FB1F3AF93100A1F475 /* MenuTableViewCell.swift */ = {isa = PBXFileReference; fileEncoding = 4; lastKnownFileType = sourcecode.swift; path = MenuTableViewCell.swift; sourceTree = "<group>"; };
		985D08FF1F3AFBDB00A1F475 /* MenuTableViewHeader.swift */ = {isa = PBXFileReference; fileEncoding = 4; lastKnownFileType = sourcecode.swift; path = MenuTableViewHeader.swift; sourceTree = "<group>"; };
		985D09021F3D31DD00A1F475 /* ModelOrders.swift */ = {isa = PBXFileReference; fileEncoding = 4; lastKnownFileType = sourcecode.swift; path = ModelOrders.swift; sourceTree = "<group>"; };
		985D09041F3D37A600A1F475 /* NetworkUser.swift */ = {isa = PBXFileReference; fileEncoding = 4; lastKnownFileType = sourcecode.swift; path = NetworkUser.swift; sourceTree = "<group>"; };
		985D09061F3D37B300A1F475 /* NetworkOrder.swift */ = {isa = PBXFileReference; fileEncoding = 4; lastKnownFileType = sourcecode.swift; path = NetworkOrder.swift; sourceTree = "<group>"; };
		98B67CDC1F39C8D600243F31 /* bm_ad2.png */ = {isa = PBXFileReference; lastKnownFileType = image.png; path = bm_ad2.png; sourceTree = "<group>"; };
		98B67CDE1F39D0E700243F31 /* MainCollectionViewCell.swift */ = {isa = PBXFileReference; fileEncoding = 4; lastKnownFileType = sourcecode.swift; path = MainCollectionViewCell.swift; sourceTree = "<group>"; };
		98B67CE01F39D7B100243F31 /* MainHeaderCollectionReusableView.swift */ = {isa = PBXFileReference; fileEncoding = 4; lastKnownFileType = sourcecode.swift; path = MainHeaderCollectionReusableView.swift; sourceTree = "<group>"; };
		98B67CE21F3A990A00243F31 /* StoreList.storyboard */ = {isa = PBXFileReference; fileEncoding = 4; lastKnownFileType = file.storyboard; path = StoreList.storyboard; sourceTree = "<group>"; };
		98B67CE41F3A991C00243F31 /* StoreListViewController.swift */ = {isa = PBXFileReference; fileEncoding = 4; lastKnownFileType = sourcecode.swift; path = StoreListViewController.swift; sourceTree = "<group>"; };
		98B67CE61F3A9C2A00243F31 /* Extension.swift */ = {isa = PBXFileReference; fileEncoding = 4; lastKnownFileType = sourcecode.swift; path = Extension.swift; sourceTree = "<group>"; };
		98B67CE81F3AA24800243F31 /* StoreListTableViewCell.swift */ = {isa = PBXFileReference; fileEncoding = 4; lastKnownFileType = sourcecode.swift; path = StoreListTableViewCell.swift; sourceTree = "<group>"; };
		98B67CF71F3AF09900243F31 /* StoreListMenuBar.swift */ = {isa = PBXFileReference; fileEncoding = 4; lastKnownFileType = sourcecode.swift; path = StoreListMenuBar.swift; sourceTree = "<group>"; };
		98B67CF91F3B056500243F31 /* StoreListMenuBarCollectionViewCell.swift */ = {isa = PBXFileReference; fileEncoding = 4; lastKnownFileType = sourcecode.swift; path = StoreListMenuBarCollectionViewCell.swift; sourceTree = "<group>"; };
		98B67CFB1F3BDAFA00243F31 /* MukkaebieRankViewController.swift */ = {isa = PBXFileReference; fileEncoding = 4; lastKnownFileType = sourcecode.swift; path = MukkaebieRankViewController.swift; sourceTree = "<group>"; };
		98B67CFD1F3BDB3D00243F31 /* MukkaebieRank.storyboard */ = {isa = PBXFileReference; fileEncoding = 4; lastKnownFileType = file.storyboard; path = MukkaebieRank.storyboard; sourceTree = "<group>"; };
		98B67CFF1F3C7BA100243F31 /* ModelUsers.swift */ = {isa = PBXFileReference; fileEncoding = 4; lastKnownFileType = sourcecode.swift; path = ModelUsers.swift; sourceTree = "<group>"; };
		98B67D021F3C7EDC00243F31 /* NetworkStore.swift */ = {isa = PBXFileReference; fileEncoding = 4; lastKnownFileType = sourcecode.swift; path = NetworkStore.swift; sourceTree = "<group>"; };
		98B67D051F3C7F2000243F31 /* ModelStores.swift */ = {isa = PBXFileReference; fileEncoding = 4; lastKnownFileType = sourcecode.swift; path = ModelStores.swift; sourceTree = "<group>"; };
		98B67D071F3C845A00243F31 /* URLpath.swift */ = {isa = PBXFileReference; fileEncoding = 4; lastKnownFileType = sourcecode.swift; path = URLpath.swift; sourceTree = "<group>"; };
		A03405F61363D7DF6540C308 /* Pods_Mukkaebie.framework */ = {isa = PBXFileReference; explicitFileType = wrapper.framework; includeInIndex = 0; path = Pods_Mukkaebie.framework; sourceTree = BUILT_PRODUCTS_DIR; };
		B29E51D9530E93C90F48E320 /* Pods-Mukkaebie.debug.xcconfig */ = {isa = PBXFileReference; includeInIndex = 1; lastKnownFileType = text.xcconfig; name = "Pods-Mukkaebie.debug.xcconfig"; path = "Pods/Target Support Files/Pods-Mukkaebie/Pods-Mukkaebie.debug.xcconfig"; sourceTree = "<group>"; };
		DC21A5E72E0F13F34F935E3A /* Pods-MukkaebieTests.release.xcconfig */ = {isa = PBXFileReference; includeInIndex = 1; lastKnownFileType = text.xcconfig; name = "Pods-MukkaebieTests.release.xcconfig"; path = "Pods/Target Support Files/Pods-MukkaebieTests/Pods-MukkaebieTests.release.xcconfig"; sourceTree = "<group>"; };
		EC58A544ECB8332F9F7B2C7F /* Pods_MukkaebieUITests.framework */ = {isa = PBXFileReference; explicitFileType = wrapper.framework; includeInIndex = 0; path = Pods_MukkaebieUITests.framework; sourceTree = BUILT_PRODUCTS_DIR; };
/* End PBXFileReference section */

/* Begin PBXFrameworksBuildPhase section */
		9832480E1F32FD2C00ABFBFB /* Frameworks */ = {
			isa = PBXFrameworksBuildPhase;
			buildActionMask = 2147483647;
			files = (
				68C5E505583E92AEE4AEE364 /* Pods_Mukkaebie.framework in Frameworks */,
			);
			runOnlyForDeploymentPostprocessing = 0;
		};
		983248241F32FD2C00ABFBFB /* Frameworks */ = {
			isa = PBXFrameworksBuildPhase;
			buildActionMask = 2147483647;
			files = (
				2A58678D7376A284226A5EDD /* Pods_MukkaebieTests.framework in Frameworks */,
			);
			runOnlyForDeploymentPostprocessing = 0;
		};
		9832482F1F32FD2C00ABFBFB /* Frameworks */ = {
			isa = PBXFrameworksBuildPhase;
			buildActionMask = 2147483647;
			files = (
				2CFA42A664EFC0A08F1EFD26 /* Pods_MukkaebieUITests.framework in Frameworks */,
			);
			runOnlyForDeploymentPostprocessing = 0;
		};
/* End PBXFrameworksBuildPhase section */

/* Begin PBXGroup section */
		41B57534A8AF71DF41C8A898 /* Frameworks */ = {
			isa = PBXGroup;
			children = (
				A03405F61363D7DF6540C308 /* Pods_Mukkaebie.framework */,
				88962D59A7166B547120BF0B /* Pods_MukkaebieTests.framework */,
				EC58A544ECB8332F9F7B2C7F /* Pods_MukkaebieUITests.framework */,
			);
			name = Frameworks;
			sourceTree = "<group>";
		};
		983248081F32FD2C00ABFBFB = {
			isa = PBXGroup;
			children = (
				983248131F32FD2C00ABFBFB /* Mukkaebie */,
				9832482A1F32FD2C00ABFBFB /* MukkaebieTests */,
				983248351F32FD2C00ABFBFB /* MukkaebieUITests */,
				983248121F32FD2C00ABFBFB /* Products */,
				B2DD26D250A8B683418E0860 /* Pods */,
				41B57534A8AF71DF41C8A898 /* Frameworks */,
			);
			sourceTree = "<group>";
		};
		983248121F32FD2C00ABFBFB /* Products */ = {
			isa = PBXGroup;
			children = (
				983248111F32FD2C00ABFBFB /* Mukkaebie.app */,
				983248271F32FD2C00ABFBFB /* MukkaebieTests.xctest */,
				983248321F32FD2C00ABFBFB /* MukkaebieUITests.xctest */,
			);
			name = Products;
			sourceTree = "<group>";
		};
		983248131F32FD2C00ABFBFB /* Mukkaebie */ = {
			isa = PBXGroup;
			children = (
				983248141F32FD2C00ABFBFB /* AppDelegate.swift */,
				98B67CE61F3A9C2A00243F31 /* Extension.swift */,
				98B67D041F3C7EE700243F31 /* Networking */,
				98B67D011F3C7BAD00243F31 /* Model */,
				985D09011F3C28C500A1F475 /* Menu */,
				98B67CEA1F3AD55000243F31 /* Main */,
				98B67CEB1F3AD56400243F31 /* StoreList */,
				98B67CEC1F3AD57C00243F31 /* StoreDetail */,
				98B67CDC1F39C8D600243F31 /* bm_ad2.png */,
				984428711F3D76660003CDF1 /* flash.png */,
				9844286D1F3D755A0003CDF1 /* ygNa.jpeg */,
				9832481D1F32FD2C00ABFBFB /* Assets.xcassets */,
				9832481F1F32FD2C00ABFBFB /* LaunchScreen.storyboard */,
				983248221F32FD2C00ABFBFB /* Info.plist */,
				985D08F71F3ADAC100A1F475 /* BMHANNA_11yrs_otf.otf */,
			);
			path = Mukkaebie;
			sourceTree = "<group>";
		};
		9832482A1F32FD2C00ABFBFB /* MukkaebieTests */ = {
			isa = PBXGroup;
			children = (
				9832482B1F32FD2C00ABFBFB /* MukkaebieTests.swift */,
				9832482D1F32FD2C00ABFBFB /* Info.plist */,
			);
			path = MukkaebieTests;
			sourceTree = "<group>";
		};
		983248351F32FD2C00ABFBFB /* MukkaebieUITests */ = {
			isa = PBXGroup;
			children = (
				983248361F32FD2C00ABFBFB /* MukkaebieUITests.swift */,
				983248381F32FD2C00ABFBFB /* Info.plist */,
			);
			path = MukkaebieUITests;
			sourceTree = "<group>";
		};
		985D09011F3C28C500A1F475 /* Menu */ = {
			isa = PBXGroup;
			children = (
				985D08F31F3AD51700A1F475 /* MenuView.storyboard */,
				985D08F11F3AD4E800A1F475 /* MenuViewController.swift */,
				985D08FB1F3AF93100A1F475 /* MenuTableViewCell.swift */,
				985D08FF1F3AFBDB00A1F475 /* MenuTableViewHeader.swift */,
				985D08F91F3AED8000A1F475 /* MenuViewModelItem.swift */,
				985D08F51F3AD63000A1F475 /* PieChart.swift */,
			);
			name = Menu;
			sourceTree = "<group>";
		};
		98B67CEA1F3AD55000243F31 /* Main */ = {
			isa = PBXGroup;
			children = (
				983248161F32FD2C00ABFBFB /* MainViewController.swift */,
				98B67CDE1F39D0E700243F31 /* MainCollectionViewCell.swift */,
				98B67CE01F39D7B100243F31 /* MainHeaderCollectionReusableView.swift */,
				983248181F32FD2C00ABFBFB /* SecondViewController.swift */,
				9832481A1F32FD2C00ABFBFB /* Main.storyboard */,
			);
			name = Main;
			sourceTree = "<group>";
		};
		98B67CEB1F3AD56400243F31 /* StoreList */ = {
			isa = PBXGroup;
			children = (
				98B67CE41F3A991C00243F31 /* StoreListViewController.swift */,
				98B67CE81F3AA24800243F31 /* StoreListTableViewCell.swift */,
				98B67CE21F3A990A00243F31 /* StoreList.storyboard */,
				98B67CF91F3B056500243F31 /* StoreListMenuBarCollectionViewCell.swift */,
				98B67CF71F3AF09900243F31 /* StoreListMenuBar.swift */,
				98B67CFB1F3BDAFA00243F31 /* MukkaebieRankViewController.swift */,
				984428731F41CE970003CDF1 /* circleView.swift */,
				98B67CFD1F3BDB3D00243F31 /* MukkaebieRank.storyboard */,
			);
			name = StoreList;
			sourceTree = "<group>";
		};
		98B67CEC1F3AD57C00243F31 /* StoreDetail */ = {
			isa = PBXGroup;
			children = (
				985D08ED1F3ACB7E00A1F475 /* StoreDetail.storyboard */,
				985D08EF1F3ACB8F00A1F475 /* StoreDetailViewController.swift */,
				9844286F1F3D76390003CDF1 /* hj.png */,
			);
			name = StoreDetail;
			sourceTree = "<group>";
		};
		98B67D011F3C7BAD00243F31 /* Model */ = {
			isa = PBXGroup;
			children = (
				98B67D051F3C7F2000243F31 /* ModelStores.swift */,
				98B67CFF1F3C7BA100243F31 /* ModelUsers.swift */,
				985D09021F3D31DD00A1F475 /* ModelOrders.swift */,
			);
			name = Model;
			sourceTree = "<group>";
		};
		98B67D041F3C7EE700243F31 /* Networking */ = {
			isa = PBXGroup;
			children = (
				98B67D021F3C7EDC00243F31 /* NetworkStore.swift */,
				985D09041F3D37A600A1F475 /* NetworkUser.swift */,
				985D09061F3D37B300A1F475 /* NetworkOrder.swift */,
				98B67D071F3C845A00243F31 /* URLpath.swift */,
			);
			name = Networking;
			sourceTree = "<group>";
		};
		B2DD26D250A8B683418E0860 /* Pods */ = {
			isa = PBXGroup;
			children = (
				B29E51D9530E93C90F48E320 /* Pods-Mukkaebie.debug.xcconfig */,
				7ADF07EE5C4A531297CBBB77 /* Pods-Mukkaebie.release.xcconfig */,
				46CBFB74A6529988FD9EAE0D /* Pods-MukkaebieTests.debug.xcconfig */,
				DC21A5E72E0F13F34F935E3A /* Pods-MukkaebieTests.release.xcconfig */,
				481072685893B70826DCA514 /* Pods-MukkaebieUITests.debug.xcconfig */,
				42C7A5D0CB132F27A8A400BF /* Pods-MukkaebieUITests.release.xcconfig */,
			);
			name = Pods;
			sourceTree = "<group>";
		};
/* End PBXGroup section */

/* Begin PBXNativeTarget section */
		983248101F32FD2C00ABFBFB /* Mukkaebie */ = {
			isa = PBXNativeTarget;
			buildConfigurationList = 9832483B1F32FD2C00ABFBFB /* Build configuration list for PBXNativeTarget "Mukkaebie" */;
			buildPhases = (
				EE6A327E42393C9034E36FF6 /* [CP] Check Pods Manifest.lock */,
				9832480D1F32FD2C00ABFBFB /* Sources */,
				9832480E1F32FD2C00ABFBFB /* Frameworks */,
				9832480F1F32FD2C00ABFBFB /* Resources */,
				26BEFE49FEDD9C5DC6AB0052 /* [CP] Embed Pods Frameworks */,
				0484A954CFD0D1211E81F978 /* [CP] Copy Pods Resources */,
			);
			buildRules = (
			);
			dependencies = (
			);
			name = Mukkaebie;
			productName = Mukkaebie;
			productReference = 983248111F32FD2C00ABFBFB /* Mukkaebie.app */;
			productType = "com.apple.product-type.application";
		};
		983248261F32FD2C00ABFBFB /* MukkaebieTests */ = {
			isa = PBXNativeTarget;
			buildConfigurationList = 9832483E1F32FD2C00ABFBFB /* Build configuration list for PBXNativeTarget "MukkaebieTests" */;
			buildPhases = (
				3C84EA10DC518F09D8B2D690 /* [CP] Check Pods Manifest.lock */,
				983248231F32FD2C00ABFBFB /* Sources */,
				983248241F32FD2C00ABFBFB /* Frameworks */,
				983248251F32FD2C00ABFBFB /* Resources */,
				54F0F50E7171214F5E62B25C /* [CP] Embed Pods Frameworks */,
				7D8E0682900AD27AA5499201 /* [CP] Copy Pods Resources */,
			);
			buildRules = (
			);
			dependencies = (
				983248291F32FD2C00ABFBFB /* PBXTargetDependency */,
			);
			name = MukkaebieTests;
			productName = MukkaebieTests;
			productReference = 983248271F32FD2C00ABFBFB /* MukkaebieTests.xctest */;
			productType = "com.apple.product-type.bundle.unit-test";
		};
		983248311F32FD2C00ABFBFB /* MukkaebieUITests */ = {
			isa = PBXNativeTarget;
			buildConfigurationList = 983248411F32FD2C00ABFBFB /* Build configuration list for PBXNativeTarget "MukkaebieUITests" */;
			buildPhases = (
				D699ADCB225111A1E5D7A4B7 /* [CP] Check Pods Manifest.lock */,
				9832482E1F32FD2C00ABFBFB /* Sources */,
				9832482F1F32FD2C00ABFBFB /* Frameworks */,
				983248301F32FD2C00ABFBFB /* Resources */,
				8B9E8CDD673DD5BBD9F79154 /* [CP] Embed Pods Frameworks */,
				264F7A48AE206DACB0C501B9 /* [CP] Copy Pods Resources */,
			);
			buildRules = (
			);
			dependencies = (
				983248341F32FD2C00ABFBFB /* PBXTargetDependency */,
			);
			name = MukkaebieUITests;
			productName = MukkaebieUITests;
			productReference = 983248321F32FD2C00ABFBFB /* MukkaebieUITests.xctest */;
			productType = "com.apple.product-type.bundle.ui-testing";
		};
/* End PBXNativeTarget section */

/* Begin PBXProject section */
		983248091F32FD2C00ABFBFB /* Project object */ = {
			isa = PBXProject;
			attributes = {
				LastSwiftUpdateCheck = 0830;
				LastUpgradeCheck = 0830;
				ORGANIZATIONNAME = woowabrothers;
				TargetAttributes = {
					983248101F32FD2C00ABFBFB = {
						CreatedOnToolsVersion = 8.3.3;
						DevelopmentTeam = B3PWYBKFUK;
						ProvisioningStyle = Automatic;
					};
					983248261F32FD2C00ABFBFB = {
						CreatedOnToolsVersion = 8.3.3;
						DevelopmentTeam = B3PWYBKFUK;
						ProvisioningStyle = Automatic;
						TestTargetID = 983248101F32FD2C00ABFBFB;
					};
					983248311F32FD2C00ABFBFB = {
						CreatedOnToolsVersion = 8.3.3;
						DevelopmentTeam = B3PWYBKFUK;
						ProvisioningStyle = Automatic;
						TestTargetID = 983248101F32FD2C00ABFBFB;
					};
				};
			};
			buildConfigurationList = 9832480C1F32FD2C00ABFBFB /* Build configuration list for PBXProject "Mukkaebie" */;
			compatibilityVersion = "Xcode 3.2";
			developmentRegion = English;
			hasScannedForEncodings = 0;
			knownRegions = (
				en,
				Base,
			);
			mainGroup = 983248081F32FD2C00ABFBFB;
			productRefGroup = 983248121F32FD2C00ABFBFB /* Products */;
			projectDirPath = "";
			projectRoot = "";
			targets = (
				983248101F32FD2C00ABFBFB /* Mukkaebie */,
				983248261F32FD2C00ABFBFB /* MukkaebieTests */,
				983248311F32FD2C00ABFBFB /* MukkaebieUITests */,
			);
		};
/* End PBXProject section */

/* Begin PBXResourcesBuildPhase section */
		9832480F1F32FD2C00ABFBFB /* Resources */ = {
			isa = PBXResourcesBuildPhase;
			buildActionMask = 2147483647;
			files = (
				985D08F81F3ADAC100A1F475 /* BMHANNA_11yrs_otf.otf in Resources */,
				983248211F32FD2C00ABFBFB /* LaunchScreen.storyboard in Resources */,
				985D08F41F3AD51700A1F475 /* MenuView.storyboard in Resources */,
				9832481E1F32FD2C00ABFBFB /* Assets.xcassets in Resources */,
				98B67CE31F3A990A00243F31 /* StoreList.storyboard in Resources */,
				984428701F3D76390003CDF1 /* hj.png in Resources */,
				984428721F3D76660003CDF1 /* flash.png in Resources */,
				98B67CFE1F3BDB3D00243F31 /* MukkaebieRank.storyboard in Resources */,
				98B67CDD1F39C8D600243F31 /* bm_ad2.png in Resources */,
				9844286E1F3D755A0003CDF1 /* ygNa.jpeg in Resources */,
				9832481C1F32FD2C00ABFBFB /* Main.storyboard in Resources */,
				985D08EE1F3ACB7E00A1F475 /* StoreDetail.storyboard in Resources */,
			);
			runOnlyForDeploymentPostprocessing = 0;
		};
		983248251F32FD2C00ABFBFB /* Resources */ = {
			isa = PBXResourcesBuildPhase;
			buildActionMask = 2147483647;
			files = (
			);
			runOnlyForDeploymentPostprocessing = 0;
		};
		983248301F32FD2C00ABFBFB /* Resources */ = {
			isa = PBXResourcesBuildPhase;
			buildActionMask = 2147483647;
			files = (
			);
			runOnlyForDeploymentPostprocessing = 0;
		};
/* End PBXResourcesBuildPhase section */

/* Begin PBXShellScriptBuildPhase section */
		0484A954CFD0D1211E81F978 /* [CP] Copy Pods Resources */ = {
			isa = PBXShellScriptBuildPhase;
			buildActionMask = 2147483647;
			files = (
			);
			inputPaths = (
			);
			name = "[CP] Copy Pods Resources";
			outputPaths = (
			);
			runOnlyForDeploymentPostprocessing = 0;
			shellPath = /bin/sh;
			shellScript = "\"${SRCROOT}/Pods/Target Support Files/Pods-Mukkaebie/Pods-Mukkaebie-resources.sh\"\n";
			showEnvVarsInLog = 0;
		};
		264F7A48AE206DACB0C501B9 /* [CP] Copy Pods Resources */ = {
			isa = PBXShellScriptBuildPhase;
			buildActionMask = 2147483647;
			files = (
			);
			inputPaths = (
			);
			name = "[CP] Copy Pods Resources";
			outputPaths = (
			);
			runOnlyForDeploymentPostprocessing = 0;
			shellPath = /bin/sh;
			shellScript = "\"${SRCROOT}/Pods/Target Support Files/Pods-MukkaebieUITests/Pods-MukkaebieUITests-resources.sh\"\n";
			showEnvVarsInLog = 0;
		};
		26BEFE49FEDD9C5DC6AB0052 /* [CP] Embed Pods Frameworks */ = {
			isa = PBXShellScriptBuildPhase;
			buildActionMask = 2147483647;
			files = (
			);
			inputPaths = (
				"${SRCROOT}/Pods/Target Support Files/Pods-Mukkaebie/Pods-Mukkaebie-frameworks.sh",
				"${BUILT_PRODUCTS_DIR}/Alamofire/Alamofire.framework",
				"${BUILT_PRODUCTS_DIR}/AlamofireImage/AlamofireImage.framework",
				"${BUILT_PRODUCTS_DIR}/AlamofireObjectMapper/AlamofireObjectMapper.framework",
				"${BUILT_PRODUCTS_DIR}/ObjectMapper/ObjectMapper.framework",
			);
			name = "[CP] Embed Pods Frameworks";
			outputPaths = (
				"${TARGET_BUILD_DIR}/${FRAMEWORKS_FOLDER_PATH}/Alamofire.framework",
				"${TARGET_BUILD_DIR}/${FRAMEWORKS_FOLDER_PATH}/AlamofireImage.framework",
				"${TARGET_BUILD_DIR}/${FRAMEWORKS_FOLDER_PATH}/AlamofireObjectMapper.framework",
				"${TARGET_BUILD_DIR}/${FRAMEWORKS_FOLDER_PATH}/ObjectMapper.framework",
			);
			runOnlyForDeploymentPostprocessing = 0;
			shellPath = /bin/sh;
			shellScript = "\"${SRCROOT}/Pods/Target Support Files/Pods-Mukkaebie/Pods-Mukkaebie-frameworks.sh\"\n";
			showEnvVarsInLog = 0;
		};
		3C84EA10DC518F09D8B2D690 /* [CP] Check Pods Manifest.lock */ = {
			isa = PBXShellScriptBuildPhase;
			buildActionMask = 2147483647;
			files = (
			);
			inputPaths = (
				"${PODS_PODFILE_DIR_PATH}/Podfile.lock",
				"${PODS_ROOT}/Manifest.lock",
			);
			name = "[CP] Check Pods Manifest.lock";
			outputPaths = (
				"$(DERIVED_FILE_DIR)/Pods-MukkaebieTests-checkManifestLockResult.txt",
			);
			runOnlyForDeploymentPostprocessing = 0;
			shellPath = /bin/sh;
			shellScript = "diff \"${PODS_PODFILE_DIR_PATH}/Podfile.lock\" \"${PODS_ROOT}/Manifest.lock\" > /dev/null\nif [ $? != 0 ] ; then\n    # print error to STDERR\n    echo \"error: The sandbox is not in sync with the Podfile.lock. Run 'pod install' or update your CocoaPods installation.\" >&2\n    exit 1\nfi\n# This output is used by Xcode 'outputs' to avoid re-running this script phase.\necho \"SUCCESS\" > \"${SCRIPT_OUTPUT_FILE_0}\"\n";
			showEnvVarsInLog = 0;
		};
		54F0F50E7171214F5E62B25C /* [CP] Embed Pods Frameworks */ = {
			isa = PBXShellScriptBuildPhase;
			buildActionMask = 2147483647;
			files = (
			);
			inputPaths = (
			);
			name = "[CP] Embed Pods Frameworks";
			outputPaths = (
			);
			runOnlyForDeploymentPostprocessing = 0;
			shellPath = /bin/sh;
			shellScript = "\"${SRCROOT}/Pods/Target Support Files/Pods-MukkaebieTests/Pods-MukkaebieTests-frameworks.sh\"\n";
			showEnvVarsInLog = 0;
		};
		7D8E0682900AD27AA5499201 /* [CP] Copy Pods Resources */ = {
			isa = PBXShellScriptBuildPhase;
			buildActionMask = 2147483647;
			files = (
			);
			inputPaths = (
			);
			name = "[CP] Copy Pods Resources";
			outputPaths = (
			);
			runOnlyForDeploymentPostprocessing = 0;
			shellPath = /bin/sh;
			shellScript = "\"${SRCROOT}/Pods/Target Support Files/Pods-MukkaebieTests/Pods-MukkaebieTests-resources.sh\"\n";
			showEnvVarsInLog = 0;
		};
		8B9E8CDD673DD5BBD9F79154 /* [CP] Embed Pods Frameworks */ = {
			isa = PBXShellScriptBuildPhase;
			buildActionMask = 2147483647;
			files = (
			);
			inputPaths = (
			);
			name = "[CP] Embed Pods Frameworks";
			outputPaths = (
			);
			runOnlyForDeploymentPostprocessing = 0;
			shellPath = /bin/sh;
			shellScript = "\"${SRCROOT}/Pods/Target Support Files/Pods-MukkaebieUITests/Pods-MukkaebieUITests-frameworks.sh\"\n";
			showEnvVarsInLog = 0;
		};
		D699ADCB225111A1E5D7A4B7 /* [CP] Check Pods Manifest.lock */ = {
			isa = PBXShellScriptBuildPhase;
			buildActionMask = 2147483647;
			files = (
			);
			inputPaths = (
				"${PODS_PODFILE_DIR_PATH}/Podfile.lock",
				"${PODS_ROOT}/Manifest.lock",
			);
			name = "[CP] Check Pods Manifest.lock";
			outputPaths = (
				"$(DERIVED_FILE_DIR)/Pods-MukkaebieUITests-checkManifestLockResult.txt",
			);
			runOnlyForDeploymentPostprocessing = 0;
			shellPath = /bin/sh;
			shellScript = "diff \"${PODS_PODFILE_DIR_PATH}/Podfile.lock\" \"${PODS_ROOT}/Manifest.lock\" > /dev/null\nif [ $? != 0 ] ; then\n    # print error to STDERR\n    echo \"error: The sandbox is not in sync with the Podfile.lock. Run 'pod install' or update your CocoaPods installation.\" >&2\n    exit 1\nfi\n# This output is used by Xcode 'outputs' to avoid re-running this script phase.\necho \"SUCCESS\" > \"${SCRIPT_OUTPUT_FILE_0}\"\n";
			showEnvVarsInLog = 0;
		};
		EE6A327E42393C9034E36FF6 /* [CP] Check Pods Manifest.lock */ = {
			isa = PBXShellScriptBuildPhase;
			buildActionMask = 2147483647;
			files = (
			);
			inputPaths = (
				"${PODS_PODFILE_DIR_PATH}/Podfile.lock",
				"${PODS_ROOT}/Manifest.lock",
			);
			name = "[CP] Check Pods Manifest.lock";
			outputPaths = (
				"$(DERIVED_FILE_DIR)/Pods-Mukkaebie-checkManifestLockResult.txt",
			);
			runOnlyForDeploymentPostprocessing = 0;
			shellPath = /bin/sh;
			shellScript = "diff \"${PODS_PODFILE_DIR_PATH}/Podfile.lock\" \"${PODS_ROOT}/Manifest.lock\" > /dev/null\nif [ $? != 0 ] ; then\n    # print error to STDERR\n    echo \"error: The sandbox is not in sync with the Podfile.lock. Run 'pod install' or update your CocoaPods installation.\" >&2\n    exit 1\nfi\n# This output is used by Xcode 'outputs' to avoid re-running this script phase.\necho \"SUCCESS\" > \"${SCRIPT_OUTPUT_FILE_0}\"\n";
			showEnvVarsInLog = 0;
		};
/* End PBXShellScriptBuildPhase section */

/* Begin PBXSourcesBuildPhase section */
		9832480D1F32FD2C00ABFBFB /* Sources */ = {
			isa = PBXSourcesBuildPhase;
			buildActionMask = 2147483647;
			files = (
				983248191F32FD2C00ABFBFB /* SecondViewController.swift in Sources */,
				98B67D061F3C7F2000243F31 /* ModelStores.swift in Sources */,
				985D08F21F3AD4E800A1F475 /* MenuViewController.swift in Sources */,
				985D09051F3D37A600A1F475 /* NetworkUser.swift in Sources */,
				985D08FA1F3AED8000A1F475 /* MenuViewModelItem.swift in Sources */,
				98B67CE11F39D7B100243F31 /* MainHeaderCollectionReusableView.swift in Sources */,
				98B67CE71F3A9C2A00243F31 /* Extension.swift in Sources */,
				985D09031F3D31DD00A1F475 /* ModelOrders.swift in Sources */,
				985D09001F3AFBDB00A1F475 /* MenuTableViewHeader.swift in Sources */,
				98B67CE91F3AA24800243F31 /* StoreListTableViewCell.swift in Sources */,
				98B67D081F3C845A00243F31 /* URLpath.swift in Sources */,
				985D09071F3D37B300A1F475 /* NetworkOrder.swift in Sources */,
				985D08F61F3AD63000A1F475 /* PieChart.swift in Sources */,
				983248151F32FD2C00ABFBFB /* AppDelegate.swift in Sources */,
				983248171F32FD2C00ABFBFB /* MainViewController.swift in Sources */,
				985D08FC1F3AF93100A1F475 /* MenuTableViewCell.swift in Sources */,
				984428741F41CE970003CDF1 /* circleView.swift in Sources */,
				985D08F01F3ACB8F00A1F475 /* StoreDetailViewController.swift in Sources */,
				98B67D001F3C7BA100243F31 /* ModelUsers.swift in Sources */,
				98B67CFA1F3B056500243F31 /* StoreListMenuBarCollectionViewCell.swift in Sources */,
				98B67CE51F3A991C00243F31 /* StoreListViewController.swift in Sources */,
				98B67CF81F3AF09900243F31 /* StoreListMenuBar.swift in Sources */,
				98B67CDF1F39D0E700243F31 /* MainCollectionViewCell.swift in Sources */,
				98B67D031F3C7EDC00243F31 /* NetworkStore.swift in Sources */,
				98B67CFC1F3BDAFA00243F31 /* MukkaebieRankViewController.swift in Sources */,
			);
			runOnlyForDeploymentPostprocessing = 0;
		};
		983248231F32FD2C00ABFBFB /* Sources */ = {
			isa = PBXSourcesBuildPhase;
			buildActionMask = 2147483647;
			files = (
				9832482C1F32FD2C00ABFBFB /* MukkaebieTests.swift in Sources */,
			);
			runOnlyForDeploymentPostprocessing = 0;
		};
		9832482E1F32FD2C00ABFBFB /* Sources */ = {
			isa = PBXSourcesBuildPhase;
			buildActionMask = 2147483647;
			files = (
				983248371F32FD2C00ABFBFB /* MukkaebieUITests.swift in Sources */,
			);
			runOnlyForDeploymentPostprocessing = 0;
		};
/* End PBXSourcesBuildPhase section */

/* Begin PBXTargetDependency section */
		983248291F32FD2C00ABFBFB /* PBXTargetDependency */ = {
			isa = PBXTargetDependency;
			target = 983248101F32FD2C00ABFBFB /* Mukkaebie */;
			targetProxy = 983248281F32FD2C00ABFBFB /* PBXContainerItemProxy */;
		};
		983248341F32FD2C00ABFBFB /* PBXTargetDependency */ = {
			isa = PBXTargetDependency;
			target = 983248101F32FD2C00ABFBFB /* Mukkaebie */;
			targetProxy = 983248331F32FD2C00ABFBFB /* PBXContainerItemProxy */;
		};
/* End PBXTargetDependency section */

/* Begin PBXVariantGroup section */
		9832481A1F32FD2C00ABFBFB /* Main.storyboard */ = {
			isa = PBXVariantGroup;
			children = (
				9832481B1F32FD2C00ABFBFB /* Base */,
			);
			name = Main.storyboard;
			sourceTree = "<group>";
		};
		9832481F1F32FD2C00ABFBFB /* LaunchScreen.storyboard */ = {
			isa = PBXVariantGroup;
			children = (
				983248201F32FD2C00ABFBFB /* Base */,
			);
			name = LaunchScreen.storyboard;
			sourceTree = "<group>";
		};
/* End PBXVariantGroup section */

/* Begin XCBuildConfiguration section */
		983248391F32FD2C00ABFBFB /* Debug */ = {
			isa = XCBuildConfiguration;
			buildSettings = {
				ALWAYS_SEARCH_USER_PATHS = NO;
				CLANG_ANALYZER_NONNULL = YES;
				CLANG_ANALYZER_NUMBER_OBJECT_CONVERSION = YES_AGGRESSIVE;
				CLANG_CXX_LANGUAGE_STANDARD = "gnu++0x";
				CLANG_CXX_LIBRARY = "libc++";
				CLANG_ENABLE_MODULES = YES;
				CLANG_ENABLE_OBJC_ARC = YES;
				CLANG_WARN_BOOL_CONVERSION = YES;
				CLANG_WARN_CONSTANT_CONVERSION = YES;
				CLANG_WARN_DIRECT_OBJC_ISA_USAGE = YES_ERROR;
				CLANG_WARN_DOCUMENTATION_COMMENTS = YES;
				CLANG_WARN_EMPTY_BODY = YES;
				CLANG_WARN_ENUM_CONVERSION = YES;
				CLANG_WARN_INFINITE_RECURSION = YES;
				CLANG_WARN_INT_CONVERSION = YES;
				CLANG_WARN_OBJC_ROOT_CLASS = YES_ERROR;
				CLANG_WARN_SUSPICIOUS_MOVE = YES;
				CLANG_WARN_UNREACHABLE_CODE = YES;
				CLANG_WARN__DUPLICATE_METHOD_MATCH = YES;
				"CODE_SIGN_IDENTITY[sdk=iphoneos*]" = "iPhone Developer";
				COPY_PHASE_STRIP = NO;
				DEBUG_INFORMATION_FORMAT = dwarf;
				ENABLE_STRICT_OBJC_MSGSEND = YES;
				ENABLE_TESTABILITY = YES;
				GCC_C_LANGUAGE_STANDARD = gnu99;
				GCC_DYNAMIC_NO_PIC = NO;
				GCC_NO_COMMON_BLOCKS = YES;
				GCC_OPTIMIZATION_LEVEL = 0;
				GCC_PREPROCESSOR_DEFINITIONS = (
					"DEBUG=1",
					"$(inherited)",
				);
				GCC_WARN_64_TO_32_BIT_CONVERSION = YES;
				GCC_WARN_ABOUT_RETURN_TYPE = YES_ERROR;
				GCC_WARN_UNDECLARED_SELECTOR = YES;
				GCC_WARN_UNINITIALIZED_AUTOS = YES_AGGRESSIVE;
				GCC_WARN_UNUSED_FUNCTION = YES;
				GCC_WARN_UNUSED_VARIABLE = YES;
				IPHONEOS_DEPLOYMENT_TARGET = 10.3;
				MTL_ENABLE_DEBUG_INFO = YES;
				ONLY_ACTIVE_ARCH = YES;
				SDKROOT = iphoneos;
				SWIFT_ACTIVE_COMPILATION_CONDITIONS = DEBUG;
				SWIFT_OPTIMIZATION_LEVEL = "-Onone";
			};
			name = Debug;
		};
		9832483A1F32FD2C00ABFBFB /* Release */ = {
			isa = XCBuildConfiguration;
			buildSettings = {
				ALWAYS_SEARCH_USER_PATHS = NO;
				CLANG_ANALYZER_NONNULL = YES;
				CLANG_ANALYZER_NUMBER_OBJECT_CONVERSION = YES_AGGRESSIVE;
				CLANG_CXX_LANGUAGE_STANDARD = "gnu++0x";
				CLANG_CXX_LIBRARY = "libc++";
				CLANG_ENABLE_MODULES = YES;
				CLANG_ENABLE_OBJC_ARC = YES;
				CLANG_WARN_BOOL_CONVERSION = YES;
				CLANG_WARN_CONSTANT_CONVERSION = YES;
				CLANG_WARN_DIRECT_OBJC_ISA_USAGE = YES_ERROR;
				CLANG_WARN_DOCUMENTATION_COMMENTS = YES;
				CLANG_WARN_EMPTY_BODY = YES;
				CLANG_WARN_ENUM_CONVERSION = YES;
				CLANG_WARN_INFINITE_RECURSION = YES;
				CLANG_WARN_INT_CONVERSION = YES;
				CLANG_WARN_OBJC_ROOT_CLASS = YES_ERROR;
				CLANG_WARN_SUSPICIOUS_MOVE = YES;
				CLANG_WARN_UNREACHABLE_CODE = YES;
				CLANG_WARN__DUPLICATE_METHOD_MATCH = YES;
				"CODE_SIGN_IDENTITY[sdk=iphoneos*]" = "iPhone Developer";
				COPY_PHASE_STRIP = NO;
				DEBUG_INFORMATION_FORMAT = "dwarf-with-dsym";
				ENABLE_NS_ASSERTIONS = NO;
				ENABLE_STRICT_OBJC_MSGSEND = YES;
				GCC_C_LANGUAGE_STANDARD = gnu99;
				GCC_NO_COMMON_BLOCKS = YES;
				GCC_WARN_64_TO_32_BIT_CONVERSION = YES;
				GCC_WARN_ABOUT_RETURN_TYPE = YES_ERROR;
				GCC_WARN_UNDECLARED_SELECTOR = YES;
				GCC_WARN_UNINITIALIZED_AUTOS = YES_AGGRESSIVE;
				GCC_WARN_UNUSED_FUNCTION = YES;
				GCC_WARN_UNUSED_VARIABLE = YES;
				IPHONEOS_DEPLOYMENT_TARGET = 10.3;
				MTL_ENABLE_DEBUG_INFO = NO;
				SDKROOT = iphoneos;
				SWIFT_OPTIMIZATION_LEVEL = "-Owholemodule";
				VALIDATE_PRODUCT = YES;
			};
			name = Release;
		};
		9832483C1F32FD2C00ABFBFB /* Debug */ = {
			isa = XCBuildConfiguration;
			baseConfigurationReference = B29E51D9530E93C90F48E320 /* Pods-Mukkaebie.debug.xcconfig */;
			buildSettings = {
				ASSETCATALOG_COMPILER_APPICON_NAME = AppIcon;
				DEVELOPMENT_TEAM = B3PWYBKFUK;
				INFOPLIST_FILE = Mukkaebie/Info.plist;
				LD_RUNPATH_SEARCH_PATHS = "$(inherited) @executable_path/Frameworks";
				PRODUCT_BUNDLE_IDENTIFIER = db.Mukkaebie;
				PRODUCT_NAME = "$(TARGET_NAME)";
				SWIFT_VERSION = 3.0;
			};
			name = Debug;
		};
		9832483D1F32FD2C00ABFBFB /* Release */ = {
			isa = XCBuildConfiguration;
			baseConfigurationReference = 7ADF07EE5C4A531297CBBB77 /* Pods-Mukkaebie.release.xcconfig */;
			buildSettings = {
				ASSETCATALOG_COMPILER_APPICON_NAME = AppIcon;
				DEVELOPMENT_TEAM = B3PWYBKFUK;
				INFOPLIST_FILE = Mukkaebie/Info.plist;
				LD_RUNPATH_SEARCH_PATHS = "$(inherited) @executable_path/Frameworks";
				PRODUCT_BUNDLE_IDENTIFIER = db.Mukkaebie;
				PRODUCT_NAME = "$(TARGET_NAME)";
				SWIFT_VERSION = 3.0;
			};
			name = Release;
		};
		9832483F1F32FD2C00ABFBFB /* Debug */ = {
			isa = XCBuildConfiguration;
			baseConfigurationReference = 46CBFB74A6529988FD9EAE0D /* Pods-MukkaebieTests.debug.xcconfig */;
			buildSettings = {
				ALWAYS_EMBED_SWIFT_STANDARD_LIBRARIES = YES;
				BUNDLE_LOADER = "$(TEST_HOST)";
				DEVELOPMENT_TEAM = B3PWYBKFUK;
				INFOPLIST_FILE = MukkaebieTests/Info.plist;
				LD_RUNPATH_SEARCH_PATHS = "$(inherited) @executable_path/Frameworks @loader_path/Frameworks";
				PRODUCT_BUNDLE_IDENTIFIER = db.MukkaebieTests;
				PRODUCT_NAME = "$(TARGET_NAME)";
				SWIFT_VERSION = 3.0;
				TEST_HOST = "$(BUILT_PRODUCTS_DIR)/Mukkaebie.app/Mukkaebie";
			};
			name = Debug;
		};
		983248401F32FD2C00ABFBFB /* Release */ = {
			isa = XCBuildConfiguration;
			baseConfigurationReference = DC21A5E72E0F13F34F935E3A /* Pods-MukkaebieTests.release.xcconfig */;
			buildSettings = {
				ALWAYS_EMBED_SWIFT_STANDARD_LIBRARIES = YES;
				BUNDLE_LOADER = "$(TEST_HOST)";
				DEVELOPMENT_TEAM = B3PWYBKFUK;
				INFOPLIST_FILE = MukkaebieTests/Info.plist;
				LD_RUNPATH_SEARCH_PATHS = "$(inherited) @executable_path/Frameworks @loader_path/Frameworks";
				PRODUCT_BUNDLE_IDENTIFIER = db.MukkaebieTests;
				PRODUCT_NAME = "$(TARGET_NAME)";
				SWIFT_VERSION = 3.0;
				TEST_HOST = "$(BUILT_PRODUCTS_DIR)/Mukkaebie.app/Mukkaebie";
			};
			name = Release;
		};
		983248421F32FD2C00ABFBFB /* Debug */ = {
			isa = XCBuildConfiguration;
			baseConfigurationReference = 481072685893B70826DCA514 /* Pods-MukkaebieUITests.debug.xcconfig */;
			buildSettings = {
				ALWAYS_EMBED_SWIFT_STANDARD_LIBRARIES = YES;
				DEVELOPMENT_TEAM = B3PWYBKFUK;
				INFOPLIST_FILE = MukkaebieUITests/Info.plist;
				LD_RUNPATH_SEARCH_PATHS = "$(inherited) @executable_path/Frameworks @loader_path/Frameworks";
				PRODUCT_BUNDLE_IDENTIFIER = db.MukkaebieUITests;
				PRODUCT_NAME = "$(TARGET_NAME)";
				SWIFT_VERSION = 3.0;
				TEST_TARGET_NAME = Mukkaebie;
			};
			name = Debug;
		};
		983248431F32FD2C00ABFBFB /* Release */ = {
			isa = XCBuildConfiguration;
			baseConfigurationReference = 42C7A5D0CB132F27A8A400BF /* Pods-MukkaebieUITests.release.xcconfig */;
			buildSettings = {
				ALWAYS_EMBED_SWIFT_STANDARD_LIBRARIES = YES;
				DEVELOPMENT_TEAM = B3PWYBKFUK;
				INFOPLIST_FILE = MukkaebieUITests/Info.plist;
				LD_RUNPATH_SEARCH_PATHS = "$(inherited) @executable_path/Frameworks @loader_path/Frameworks";
				PRODUCT_BUNDLE_IDENTIFIER = db.MukkaebieUITests;
				PRODUCT_NAME = "$(TARGET_NAME)";
				SWIFT_VERSION = 3.0;
				TEST_TARGET_NAME = Mukkaebie;
			};
			name = Release;
		};
/* End XCBuildConfiguration section */

/* Begin XCConfigurationList section */
		9832480C1F32FD2C00ABFBFB /* Build configuration list for PBXProject "Mukkaebie" */ = {
			isa = XCConfigurationList;
			buildConfigurations = (
				983248391F32FD2C00ABFBFB /* Debug */,
				9832483A1F32FD2C00ABFBFB /* Release */,
			);
			defaultConfigurationIsVisible = 0;
			defaultConfigurationName = Release;
		};
		9832483B1F32FD2C00ABFBFB /* Build configuration list for PBXNativeTarget "Mukkaebie" */ = {
			isa = XCConfigurationList;
			buildConfigurations = (
				9832483C1F32FD2C00ABFBFB /* Debug */,
				9832483D1F32FD2C00ABFBFB /* Release */,
			);
			defaultConfigurationIsVisible = 0;
			defaultConfigurationName = Release;
		};
		9832483E1F32FD2C00ABFBFB /* Build configuration list for PBXNativeTarget "MukkaebieTests" */ = {
			isa = XCConfigurationList;
			buildConfigurations = (
				9832483F1F32FD2C00ABFBFB /* Debug */,
				983248401F32FD2C00ABFBFB /* Release */,
			);
			defaultConfigurationIsVisible = 0;
			defaultConfigurationName = Release;
		};
		983248411F32FD2C00ABFBFB /* Build configuration list for PBXNativeTarget "MukkaebieUITests" */ = {
			isa = XCConfigurationList;
			buildConfigurations = (
				983248421F32FD2C00ABFBFB /* Debug */,
				983248431F32FD2C00ABFBFB /* Release */,
			);
			defaultConfigurationIsVisible = 0;
			defaultConfigurationName = Release;
		};
/* End XCConfigurationList section */
	};
	rootObject = 983248091F32FD2C00ABFBFB /* Project object */;
}
